
Microsoft Visual Studio Solution File, Format Version 11.00
# Visual Studio 2010
Project("{8BC9CEB8-8B4A-11D0-8D11-00A0C91BC942}") = "serverc++", "serverc++\serverc++.vcxproj", "{B90C9ADD-BF3D-42A9-9569-77ED72AE551D}"
EndProject
Global
	GlobalSection(SolutionConfigurationPlatforms) = preSolution
		Debug|Win32 = Debug|Win32
		Release|Win32 = Release|Win32
	EndGlobalSection
	GlobalSection(ProjectConfigurationPlatforms) = postSolution
		{B90C9ADD-BF3D-42A9-9569-77ED72AE551D}.Debug|Win32.ActiveCfg = Debug|Win32
		{B90C9ADD-BF3D-42A9-9569-77ED72AE551D}.Debug|Win32.Build.0 = Debug|Win32
		{B90C9ADD-BF3D-42A9-9569-77ED72AE551D}.Release|Win32.ActiveCfg = Release|Win32
		{B90C9ADD-BF3D-42A9-9569-77ED72AE551D}.Release|Win32.Build.0 = Release|Win32
	EndGlobalSection
	GlobalSection(SolutionProperties) = preSolution
		HideSolutionNode = FALSE
	EndGlobalSection
EndGlobal
